
Microsoft Visual Studio Solution File, Format Version 12.00
# Visual Studio Version 17
VisualStudioVersion = 17.11.35222.181
MinimumVisualStudioVersion = 10.0.40219.1
Project("{FAE04EC0-301F-11D3-BF4B-00C04F79EFBC}") = "Guessing Game App", "Guessing Game App\Guessing Game App.csproj", "{2C92F4E4-86AE-4519-A2E6-95D08C8EE604}"
EndProject
Global
	GlobalSection(SolutionConfigurationPlatforms) = preSolution
		Debug|Any CPU = Debug|Any CPU
		Release|Any CPU = Release|Any CPU
	EndGlobalSection
	GlobalSection(ProjectConfigurationPlatforms) = postSolution
		{2C92F4E4-86AE-4519-A2E6-95D08C8EE604}.Debug|Any CPU.ActiveCfg = Debug|Any CPU
		{2C92F4E4-86AE-4519-A2E6-95D08C8EE604}.Debug|Any CPU.Build.0 = Debug|Any CPU
		{2C92F4E4-86AE-4519-A2E6-95D08C8EE604}.Release|Any CPU.ActiveCfg = Release|Any CPU
		{2C92F4E4-86AE-4519-A2E6-95D08C8EE604}.Release|Any CPU.Build.0 = Release|Any CPU
	EndGlobalSection
	GlobalSection(SolutionProperties) = preSolution
		HideSolutionNode = FALSE
	EndGlobalSection
	GlobalSection(ExtensibilityGlobals) = postSolution
		SolutionGuid = {92BF91E1-DC68-4561-ABCE-F7F439B34AB4}
	EndGlobalSection
EndGlobal
